
Microsoft Visual Studio Solution File, Format Version 12.00
# Visual Studio Version 17
VisualStudioVersion = 17.5.33516.290
MinimumVisualStudioVersion = 10.0.40219.1
Project("{FAE04EC0-301F-11D3-BF4B-00C04F79EFBC}") = "KafkaProcuder", "KafkaProcuder\KafkaProcuder.csproj", "{4E1CB0F5-0852-45BC-955B-C0426752953F}"
EndProject
Project("{FAE04EC0-301F-11D3-BF4B-00C04F79EFBC}") = "KafkaConsumerService", "KafkaConsumerService\KafkaConsumerService.csproj", "{B5154B12-DB47-4D38-BD0B-3DB12F01E358}"
EndProject
Global
	GlobalSection(SolutionConfigurationPlatforms) = preSolution
		Debug|Any CPU = Debug|Any CPU
		Release|Any CPU = Release|Any CPU
	EndGlobalSection
	GlobalSection(ProjectConfigurationPlatforms) = postSolution
		{4E1CB0F5-0852-45BC-955B-C0426752953F}.Debug|Any CPU.ActiveCfg = Debug|Any CPU
		{4E1CB0F5-0852-45BC-955B-C0426752953F}.Debug|Any CPU.Build.0 = Debug|Any CPU
		{4E1CB0F5-0852-45BC-955B-C0426752953F}.Release|Any CPU.ActiveCfg = Release|Any CPU
		{4E1CB0F5-0852-45BC-955B-C0426752953F}.Release|Any CPU.Build.0 = Release|Any CPU
		{B5154B12-DB47-4D38-BD0B-3DB12F01E358}.Debug|Any CPU.ActiveCfg = Debug|Any CPU
		{B5154B12-DB47-4D38-BD0B-3DB12F01E358}.Debug|Any CPU.Build.0 = Debug|Any CPU
		{B5154B12-DB47-4D38-BD0B-3DB12F01E358}.Release|Any CPU.ActiveCfg = Release|Any CPU
		{B5154B12-DB47-4D38-BD0B-3DB12F01E358}.Release|Any CPU.Build.0 = Release|Any CPU
	EndGlobalSection
	GlobalSection(SolutionProperties) = preSolution
		HideSolutionNode = FALSE
	EndGlobalSection
	GlobalSection(ExtensibilityGlobals) = postSolution
		SolutionGuid = {06BF3BC2-55C9-4EB7-9849-2C48381A1B41}
	EndGlobalSection
EndGlobal
